
Microsoft Visual Studio Solution File, Format Version 12.00
# Visual Studio Version 16
VisualStudioVersion = 16.0.30717.126
MinimumVisualStudioVersion = 10.0.40219.1
Project("{8BC9CEB8-8B4A-11D0-8D11-00A0C91BC942}") = "ShotHv", "ShotHv\ShotHv.vcxproj", "{38959707-6957-425D-A14F-E5E6B3535B82}"
EndProject
Global
	GlobalSection(SolutionConfigurationPlatforms) = preSolution
		Debug|ARM = Debug|ARM
		Debug|ARM64 = Debug|ARM64
		Debug|x64 = Debug|x64
		Debug|x86 = Debug|x86
		Release|ARM = Release|ARM
		Release|ARM64 = Release|ARM64
		Release|x64 = Release|x64
		Release|x86 = Release|x86
	EndGlobalSection
	GlobalSection(ProjectConfigurationPlatforms) = postSolution
		{38959707-6957-425D-A14F-E5E6B3535B82}.Debug|ARM.ActiveCfg = Debug|ARM
		{38959707-6957-425D-A14F-E5E6B3535B82}.Debug|ARM.Build.0 = Debug|ARM
		{38959707-6957-425D-A14F-E5E6B3535B82}.Debug|ARM.Deploy.0 = Debug|ARM
		{38959707-6957-425D-A14F-E5E6B3535B82}.Debug|ARM64.ActiveCfg = Debug|ARM64
		{38959707-6957-425D-A14F-E5E6B3535B82}.Debug|ARM64.Build.0 = Debug|ARM64
		{38959707-6957-425D-A14F-E5E6B3535B82}.Debug|ARM64.Deploy.0 = Debug|ARM64
		{38959707-6957-425D-A14F-E5E6B3535B82}.Debug|x64.ActiveCfg = Debug|x64
		{38959707-6957-425D-A14F-E5E6B3535B82}.Debug|x64.Build.0 = Debug|x64
		{38959707-6957-425D-A14F-E5E6B3535B82}.Debug|x64.Deploy.0 = Debug|x64
		{38959707-6957-425D-A14F-E5E6B3535B82}.Debug|x86.ActiveCfg = Debug|Win32
		{38959707-6957-425D-A14F-E5E6B3535B82}.Debug|x86.Build.0 = Debug|Win32
		{38959707-6957-425D-A14F-E5E6B3535B82}.Debug|x86.Deploy.0 = Debug|Win32
		{38959707-6957-425D-A14F-E5E6B3535B82}.Release|ARM.ActiveCfg = Release|ARM
		{38959707-6957-425D-A14F-E5E6B3535B82}.Release|ARM.Build.0 = Release|ARM
		{38959707-6957-425D-A14F-E5E6B3535B82}.Release|ARM.Deploy.0 = Release|ARM
		{38959707-6957-425D-A14F-E5E6B3535B82}.Release|ARM64.ActiveCfg = Release|ARM64
		{38959707-6957-425D-A14F-E5E6B3535B82}.Release|ARM64.Build.0 = Release|ARM64
		{38959707-6957-425D-A14F-E5E6B3535B82}.Release|ARM64.Deploy.0 = Release|ARM64
		{38959707-6957-425D-A14F-E5E6B3535B82}.Release|x64.ActiveCfg = Release|x64
		{38959707-6957-425D-A14F-E5E6B3535B82}.Release|x64.Build.0 = Release|x64
		{38959707-6957-425D-A14F-E5E6B3535B82}.Release|x64.Deploy.0 = Release|x64
		{38959707-6957-425D-A14F-E5E6B3535B82}.Release|x86.ActiveCfg = Release|Win32
		{38959707-6957-425D-A14F-E5E6B3535B82}.Release|x86.Build.0 = Release|Win32
		{38959707-6957-425D-A14F-E5E6B3535B82}.Release|x86.Deploy.0 = Release|Win32
	EndGlobalSection
	GlobalSection(SolutionProperties) = preSolution
		HideSolutionNode = FALSE
	EndGlobalSection
	GlobalSection(ExtensibilityGlobals) = postSolution
		SolutionGuid = {C3AE0783-0013-4332-9A4D-E8DB21AE6731}
	EndGlobalSection
EndGlobal
